
Microsoft Visual Studio Solution File, Format Version 12.00
# Visual Studio Version 17
VisualStudioVersion = 17.12.35728.132 d17.12
MinimumVisualStudioVersion = 10.0.40219.1
Project("{FAE04EC0-301F-11D3-BF4B-00C04F79EFBC}") = "DAM_M07_T02_ACT01_Carlos_Ribera", "DAM_M07_T02_ACT01_Carlos_Ribera.csproj", "{6CB102C2-4C61-419C-8B6D-9C46A30F7BA3}"
EndProject
Global
	GlobalSection(SolutionConfigurationPlatforms) = preSolution
		Debug|Any CPU = Debug|Any CPU
		Release|Any CPU = Release|Any CPU
	EndGlobalSection
	GlobalSection(ProjectConfigurationPlatforms) = postSolution
		{6CB102C2-4C61-419C-8B6D-9C46A30F7BA3}.Debug|Any CPU.ActiveCfg = Debug|Any CPU
		{6CB102C2-4C61-419C-8B6D-9C46A30F7BA3}.Debug|Any CPU.Build.0 = Debug|Any CPU
		{6CB102C2-4C61-419C-8B6D-9C46A30F7BA3}.Release|Any CPU.ActiveCfg = Release|Any CPU
		{6CB102C2-4C61-419C-8B6D-9C46A30F7BA3}.Release|Any CPU.Build.0 = Release|Any CPU
	EndGlobalSection
	GlobalSection(SolutionProperties) = preSolution
		HideSolutionNode = FALSE
	EndGlobalSection
EndGlobal
