
Microsoft Visual Studio Solution File, Format Version 12.00
# Visual Studio Version 17
VisualStudioVersion = 17.13.35828.75 d17.13
MinimumVisualStudioVersion = 10.0.40219.1
Project("{FAE04EC0-301F-11D3-BF4B-00C04F79EFBC}") = "WindowsFormsApp1", "WindowsFormsApp1.csproj", "{AB661637-EE9C-4BEB-8375-78B10DA468FE}"
EndProject
Global
	GlobalSection(SolutionConfigurationPlatforms) = preSolution
		Debug|Any CPU = Debug|Any CPU
		Release|Any CPU = Release|Any CPU
	EndGlobalSection
	GlobalSection(ProjectConfigurationPlatforms) = postSolution
		{AB661637-EE9C-4BEB-8375-78B10DA468FE}.Debug|Any CPU.ActiveCfg = Debug|Any CPU
		{AB661637-EE9C-4BEB-8375-78B10DA468FE}.Debug|Any CPU.Build.0 = Debug|Any CPU
		{AB661637-EE9C-4BEB-8375-78B10DA468FE}.Release|Any CPU.ActiveCfg = Release|Any CPU
		{AB661637-EE9C-4BEB-8375-78B10DA468FE}.Release|Any CPU.Build.0 = Release|Any CPU
	EndGlobalSection
	GlobalSection(SolutionProperties) = preSolution
		HideSolutionNode = FALSE
	EndGlobalSection
	GlobalSection(ExtensibilityGlobals) = postSolution
		SolutionGuid = {A9AFEFBD-2537-441C-A32D-953CF2E6CDAE}
	EndGlobalSection
EndGlobal
